# @generated by Move, please check-in and do not edit manually.

[move]
version = 2
manifest_digest = "B0B368E5244F99C067DDF758A327A81CDD71169F62F6FD30DE90BE85DAB6955A"
deps_digest = "F8BBB0CCB2491CA29A3DF03D6F92277A4F3574266507ACD77214D37ECA3F3082"
dependencies = [
  { name = "Sui" },
]

[[move.package]]
name = "MoveStdlib"
source = { git = "https://github.com/MystenLabs/sui.git", rev = "framework/testnet", subdir = "crates/sui-framework/packages/move-stdlib" }

[[move.package]]
name = "Sui"
source = { git = "https://github.com/MystenLabs/sui.git", rev = "framework/testnet", subdir = "crates/sui-framework/packages/sui-framework" }

dependencies = [
  { name = "MoveStdlib" },
]

[move.toolchain-version]
compiler-version = "1.30.3"
edition = "2024.beta"
flavor = "sui"

[env]

[env.testnet]
chain-id = "4c78adac"
original-published-id = "0x0aeb3b9a655c419a77fa3486b2c54c3118759df110175939fc79ba80f499a507"
latest-published-id = "0x0aeb3b9a655c419a77fa3486b2c54c3118759df110175939fc79ba80f499a507"
published-version = "1"
